
Microsoft Visual Studio Solution File, Format Version 12.00
# Visual Studio Version 17
VisualStudioVersion = 17.5.33627.172
MinimumVisualStudioVersion = 10.0.40219.1
Project("{FAE04EC0-301F-11D3-BF4B-00C04F79EFBC}") = "final hosene", "final hosene\final hosene.csproj", "{6A6E1EDA-FFB3-478E-AD04-1433627F6038}"
EndProject
Global
	GlobalSection(SolutionConfigurationPlatforms) = preSolution
		Debug|Any CPU = Debug|Any CPU
		Release|Any CPU = Release|Any CPU
	EndGlobalSection
	GlobalSection(ProjectConfigurationPlatforms) = postSolution
		{6A6E1EDA-FFB3-478E-AD04-1433627F6038}.Debug|Any CPU.ActiveCfg = Debug|Any CPU
		{6A6E1EDA-FFB3-478E-AD04-1433627F6038}.Debug|Any CPU.Build.0 = Debug|Any CPU
		{6A6E1EDA-FFB3-478E-AD04-1433627F6038}.Release|Any CPU.ActiveCfg = Release|Any CPU
		{6A6E1EDA-FFB3-478E-AD04-1433627F6038}.Release|Any CPU.Build.0 = Release|Any CPU
	EndGlobalSection
	GlobalSection(SolutionProperties) = preSolution
		HideSolutionNode = FALSE
	EndGlobalSection
	GlobalSection(ExtensibilityGlobals) = postSolution
		SolutionGuid = {B39162EA-28D9-4B79-B939-CCE4D4107AB0}
	EndGlobalSection
EndGlobal
